
Microsoft Visual Studio Solution File, Format Version 12.00
# Visual Studio 15
VisualStudioVersion = 15.0.28307.2092
MinimumVisualStudioVersion = 10.0.40219.1
Project("{FAE04EC0-301F-11D3-BF4B-00C04F79EFBC}") = "WebLegadoEducativo01", "WebClientesPotencialesLEProp\WebLegadoEducativo01.csproj", "{79766704-20CA-498F-B00C-DAB105128EBE}"
EndProject
Global
	GlobalSection(SolutionConfigurationPlatforms) = preSolution
		Debug|Any CPU = Debug|Any CPU
		Release|Any CPU = Release|Any CPU
	EndGlobalSection
	GlobalSection(ProjectConfigurationPlatforms) = postSolution
		{79766704-20CA-498F-B00C-DAB105128EBE}.Debug|Any CPU.ActiveCfg = Debug|Any CPU
		{79766704-20CA-498F-B00C-DAB105128EBE}.Debug|Any CPU.Build.0 = Debug|Any CPU
		{79766704-20CA-498F-B00C-DAB105128EBE}.Release|Any CPU.ActiveCfg = Release|Any CPU
		{79766704-20CA-498F-B00C-DAB105128EBE}.Release|Any CPU.Build.0 = Release|Any CPU
	EndGlobalSection
	GlobalSection(SolutionProperties) = preSolution
		HideSolutionNode = FALSE
	EndGlobalSection
	GlobalSection(ExtensibilityGlobals) = postSolution
		SolutionGuid = {8041ADE2-7B27-4E7F-9869-E02AF6511EF2}
	EndGlobalSection
EndGlobal
